
Microsoft Visual Studio Solution File, Format Version 12.00
# Visual Studio Version 17
VisualStudioVersion = 17.1.32228.430
MinimumVisualStudioVersion = 10.0.40219.1
Project("{FAE04EC0-301F-11D3-BF4B-00C04F79EFBC}") = "ELCAStock", "ELCAStock.csproj", "{CFDA6194-2BA0-4002-904C-C3E584334DB9}"
EndProject
Project("{FAE04EC0-301F-11D3-BF4B-00C04F79EFBC}") = "Elca.Sms.Api.Domain", "..\Elca.Sms.Api.Domain\Elca.Sms.Api.Domain.csproj", "{F3C911F7-15F7-4FFA-B36F-D0DEEFC35D98}"
EndProject
Project("{FAE04EC0-301F-11D3-BF4B-00C04F79EFBC}") = "Elca.Sms.Api.Service", "..\Elca.Sms.Api.Service\Elca.Sms.Api.Service.csproj", "{EBD52AB4-F708-4428-8102-5EFB1774788C}"
EndProject
Project("{FAE04EC0-301F-11D3-BF4B-00C04F79EFBC}") = "Elca.Sms.Api.Persistence", "..\Elca.Sms.Api.Persistence\Elca.Sms.Api.Persistence.csproj", "{BA2C7395-B704-4370-A0E1-F7CD667ED0BF}"
EndProject
Global
	GlobalSection(SolutionConfigurationPlatforms) = preSolution
		Debug|Any CPU = Debug|Any CPU
		Release|Any CPU = Release|Any CPU
	EndGlobalSection
	GlobalSection(ProjectConfigurationPlatforms) = postSolution
		{CFDA6194-2BA0-4002-904C-C3E584334DB9}.Debug|Any CPU.ActiveCfg = Debug|Any CPU
		{CFDA6194-2BA0-4002-904C-C3E584334DB9}.Debug|Any CPU.Build.0 = Debug|Any CPU
		{CFDA6194-2BA0-4002-904C-C3E584334DB9}.Release|Any CPU.ActiveCfg = Release|Any CPU
		{CFDA6194-2BA0-4002-904C-C3E584334DB9}.Release|Any CPU.Build.0 = Release|Any CPU
		{F3C911F7-15F7-4FFA-B36F-D0DEEFC35D98}.Debug|Any CPU.ActiveCfg = Debug|Any CPU
		{F3C911F7-15F7-4FFA-B36F-D0DEEFC35D98}.Debug|Any CPU.Build.0 = Debug|Any CPU
		{F3C911F7-15F7-4FFA-B36F-D0DEEFC35D98}.Release|Any CPU.ActiveCfg = Release|Any CPU
		{F3C911F7-15F7-4FFA-B36F-D0DEEFC35D98}.Release|Any CPU.Build.0 = Release|Any CPU
		{EBD52AB4-F708-4428-8102-5EFB1774788C}.Debug|Any CPU.ActiveCfg = Debug|Any CPU
		{EBD52AB4-F708-4428-8102-5EFB1774788C}.Debug|Any CPU.Build.0 = Debug|Any CPU
		{EBD52AB4-F708-4428-8102-5EFB1774788C}.Release|Any CPU.ActiveCfg = Release|Any CPU
		{EBD52AB4-F708-4428-8102-5EFB1774788C}.Release|Any CPU.Build.0 = Release|Any CPU
		{BA2C7395-B704-4370-A0E1-F7CD667ED0BF}.Debug|Any CPU.ActiveCfg = Debug|Any CPU
		{BA2C7395-B704-4370-A0E1-F7CD667ED0BF}.Debug|Any CPU.Build.0 = Debug|Any CPU
		{BA2C7395-B704-4370-A0E1-F7CD667ED0BF}.Release|Any CPU.ActiveCfg = Release|Any CPU
		{BA2C7395-B704-4370-A0E1-F7CD667ED0BF}.Release|Any CPU.Build.0 = Release|Any CPU
	EndGlobalSection
	GlobalSection(SolutionProperties) = preSolution
		HideSolutionNode = FALSE
	EndGlobalSection
	GlobalSection(ExtensibilityGlobals) = postSolution
		SolutionGuid = {BA96C267-DEAD-402F-9F9E-01E1C20CE3CE}
	EndGlobalSection
EndGlobal
